// !$*UTF8*$!
{
	archiveVersion = 1;
	classes = {
	};
	objectVersion = 50;
	objects = {

/* Begin PBXBuildFile section */
		680F901924796AE100D38CCD /* AppDelegate.swift in Sources */ = {isa = PBXBuildFile; fileRef = 680F901824796AE100D38CCD /* AppDelegate.swift */; };
		680F901B24796AE100D38CCD /* SceneDelegate.swift in Sources */ = {isa = PBXBuildFile; fileRef = 680F901A24796AE100D38CCD /* SceneDelegate.swift */; };
		680F902224796AE800D38CCD /* Assets.xcassets in Resources */ = {isa = PBXBuildFile; fileRef = 680F902124796AE800D38CCD /* Assets.xcassets */; };
		680F903424796B7800D38CCD /* CategoriaNegozio.swift in Sources */ = {isa = PBXBuildFile; fileRef = 680F902D24796B7800D38CCD /* CategoriaNegozio.swift */; };
		680F903524796B7800D38CCD /* Barcode.swift in Sources */ = {isa = PBXBuildFile; fileRef = 680F902E24796B7800D38CCD /* Barcode.swift */; };
		680F903624796B7800D38CCD /* CategoriaProdotto.swift in Sources */ = {isa = PBXBuildFile; fileRef = 680F902F24796B7800D38CCD /* CategoriaProdotto.swift */; };
		680F903724796B7800D38CCD /* Prodotto.swift in Sources */ = {isa = PBXBuildFile; fileRef = 680F903024796B7800D38CCD /* Prodotto.swift */; };
		680F903824796B7800D38CCD /* ProdottoInNegozio.swift in Sources */ = {isa = PBXBuildFile; fileRef = 680F903124796B7800D38CCD /* ProdottoInNegozio.swift */; };
		680F903924796B7800D38CCD /* CategoriaDiNegozio.swift in Sources */ = {isa = PBXBuildFile; fileRef = 680F903224796B7800D38CCD /* CategoriaDiNegozio.swift */; };
		680F903A24796B7800D38CCD /* CategoriaDiProdotto.swift in Sources */ = {isa = PBXBuildFile; fileRef = 680F903324796B7800D38CCD /* CategoriaDiProdotto.swift */; };
		680F903D24796BB700D38CCD /* Negozio.swift in Sources */ = {isa = PBXBuildFile; fileRef = 680F903B24796BB700D38CCD /* Negozio.swift */; };
		680F903E24796BB700D38CCD /* Utente.swift in Sources */ = {isa = PBXBuildFile; fileRef = 680F903C24796BB700D38CCD /* Utente.swift */; };
		6827268D248D3195005DB941 /* DetailNegozioViewController.swift in Sources */ = {isa = PBXBuildFile; fileRef = 6827268C248D3195005DB941 /* DetailNegozioViewController.swift */; };
		6827268F248FC3D3005DB941 /* ProdottoTableViewCell.swift in Sources */ = {isa = PBXBuildFile; fileRef = 6827268E248FC3D3005DB941 /* ProdottoTableViewCell.swift */; };
		6882F76F247AA75A0089D222 /* Main.storyboard in Resources */ = {isa = PBXBuildFile; fileRef = 6882F76E247AA75A0089D222 /* Main.storyboard */; };
		6882F771247AA7850089D222 /* LaunchScreen.storyboard in Resources */ = {isa = PBXBuildFile; fileRef = 6882F770247AA7850089D222 /* LaunchScreen.storyboard */; };
		68D22A622497BCBC00AAD87E /* ProdottiViewController.swift in Sources */ = {isa = PBXBuildFile; fileRef = 68D22A612497BCBC00AAD87E /* ProdottiViewController.swift */; };
		68EB7930248500E900AA7DBA /* ViewController.swift in Sources */ = {isa = PBXBuildFile; fileRef = 68EB792F248500E900AA7DBA /* ViewController.swift */; };
		68EB7936248A8CED00AA7DBA /* NegozioTableViewController.swift in Sources */ = {isa = PBXBuildFile; fileRef = 68EB7935248A8CED00AA7DBA /* NegozioTableViewController.swift */; };
		68EB793A248A9BF500AA7DBA /* SF-Pro-Text-Semibold.otf in Resources */ = {isa = PBXBuildFile; fileRef = 68EB7938248A9BF500AA7DBA /* SF-Pro-Text-Semibold.otf */; };
		68EB793B248A9BF500AA7DBA /* SF-Pro-Text-Heavy.otf in Resources */ = {isa = PBXBuildFile; fileRef = 68EB7939248A9BF500AA7DBA /* SF-Pro-Text-Heavy.otf */; };
		B6D4A67A248A54B2007F43EC /* Profilo.swift in Sources */ = {isa = PBXBuildFile; fileRef = B6D4A679248A54B2007F43EC /* Profilo.swift */; };
		E7D197AA2479757B003446A1 /* BarcodeDiProdotto.swift in Sources */ = {isa = PBXBuildFile; fileRef = E7D197A92479757B003446A1 /* BarcodeDiProdotto.swift */; };
/* End PBXBuildFile section */

/* Begin PBXFileReference section */
		680F901524796AE100D38CCD /* URBS.app */ = {isa = PBXFileReference; explicitFileType = wrapper.application; includeInIndex = 0; path = URBS.app; sourceTree = BUILT_PRODUCTS_DIR; };
		680F901824796AE100D38CCD /* AppDelegate.swift */ = {isa = PBXFileReference; lastKnownFileType = sourcecode.swift; path = AppDelegate.swift; sourceTree = "<group>"; };
		680F901A24796AE100D38CCD /* SceneDelegate.swift */ = {isa = PBXFileReference; lastKnownFileType = sourcecode.swift; path = SceneDelegate.swift; sourceTree = "<group>"; };
		680F902124796AE800D38CCD /* Assets.xcassets */ = {isa = PBXFileReference; lastKnownFileType = folder.assetcatalog; path = Assets.xcassets; sourceTree = "<group>"; };
		680F902624796AE800D38CCD /* Info.plist */ = {isa = PBXFileReference; lastKnownFileType = text.plist.xml; path = Info.plist; sourceTree = "<group>"; };
		680F902D24796B7800D38CCD /* CategoriaNegozio.swift */ = {isa = PBXFileReference; fileEncoding = 4; lastKnownFileType = sourcecode.swift; path = CategoriaNegozio.swift; sourceTree = "<group>"; };
		680F902E24796B7800D38CCD /* Barcode.swift */ = {isa = PBXFileReference; fileEncoding = 4; lastKnownFileType = sourcecode.swift; path = Barcode.swift; sourceTree = "<group>"; };
		680F902F24796B7800D38CCD /* CategoriaProdotto.swift */ = {isa = PBXFileReference; fileEncoding = 4; lastKnownFileType = sourcecode.swift; path = CategoriaProdotto.swift; sourceTree = "<group>"; };
		680F903024796B7800D38CCD /* Prodotto.swift */ = {isa = PBXFileReference; fileEncoding = 4; lastKnownFileType = sourcecode.swift; path = Prodotto.swift; sourceTree = "<group>"; };
		680F903124796B7800D38CCD /* ProdottoInNegozio.swift */ = {isa = PBXFileReference; fileEncoding = 4; lastKnownFileType = sourcecode.swift; path = ProdottoInNegozio.swift; sourceTree = "<group>"; };
		680F903224796B7800D38CCD /* CategoriaDiNegozio.swift */ = {isa = PBXFileReference; fileEncoding = 4; lastKnownFileType = sourcecode.swift; path = CategoriaDiNegozio.swift; sourceTree = "<group>"; };
		680F903324796B7800D38CCD /* CategoriaDiProdotto.swift */ = {isa = PBXFileReference; fileEncoding = 4; lastKnownFileType = sourcecode.swift; path = CategoriaDiProdotto.swift; sourceTree = "<group>"; };
		680F903B24796BB700D38CCD /* Negozio.swift */ = {isa = PBXFileReference; fileEncoding = 4; lastKnownFileType = sourcecode.swift; path = Negozio.swift; sourceTree = "<group>"; };
		680F903C24796BB700D38CCD /* Utente.swift */ = {isa = PBXFileReference; fileEncoding = 4; lastKnownFileType = sourcecode.swift; path = Utente.swift; sourceTree = "<group>"; };
		6827268C248D3195005DB941 /* DetailNegozioViewController.swift */ = {isa = PBXFileReference; lastKnownFileType = sourcecode.swift; path = DetailNegozioViewController.swift; sourceTree = "<group>"; };
		6827268E248FC3D3005DB941 /* ProdottoTableViewCell.swift */ = {isa = PBXFileReference; lastKnownFileType = sourcecode.swift; path = ProdottoTableViewCell.swift; sourceTree = "<group>"; };
		6882F76E247AA75A0089D222 /* Main.storyboard */ = {isa = PBXFileReference; fileEncoding = 4; lastKnownFileType = file.storyboard; path = Main.storyboard; sourceTree = "<group>"; };
		6882F770247AA7850089D222 /* LaunchScreen.storyboard */ = {isa = PBXFileReference; fileEncoding = 4; lastKnownFileType = file.storyboard; path = LaunchScreen.storyboard; sourceTree = "<group>"; };
		68D22A612497BCBC00AAD87E /* ProdottiViewController.swift */ = {isa = PBXFileReference; lastKnownFileType = sourcecode.swift; path = ProdottiViewController.swift; sourceTree = "<group>"; };
		68EB792F248500E900AA7DBA /* ViewController.swift */ = {isa = PBXFileReference; lastKnownFileType = sourcecode.swift; path = ViewController.swift; sourceTree = "<group>"; };
		68EB7935248A8CED00AA7DBA /* NegozioTableViewController.swift */ = {isa = PBXFileReference; lastKnownFileType = sourcecode.swift; path = NegozioTableViewController.swift; sourceTree = "<group>"; };
		68EB7938248A9BF500AA7DBA /* SF-Pro-Text-Semibold.otf */ = {isa = PBXFileReference; lastKnownFileType = file; path = "SF-Pro-Text-Semibold.otf"; sourceTree = "<group>"; };
		68EB7939248A9BF500AA7DBA /* SF-Pro-Text-Heavy.otf */ = {isa = PBXFileReference; lastKnownFileType = file; path = "SF-Pro-Text-Heavy.otf"; sourceTree = "<group>"; };
		B6D4A679248A54B2007F43EC /* Profilo.swift */ = {isa = PBXFileReference; lastKnownFileType = sourcecode.swift; path = Profilo.swift; sourceTree = "<group>"; };
		E7D197A92479757B003446A1 /* BarcodeDiProdotto.swift */ = {isa = PBXFileReference; lastKnownFileType = sourcecode.swift; path = BarcodeDiProdotto.swift; sourceTree = "<group>"; };
/* End PBXFileReference section */

/* Begin PBXFrameworksBuildPhase section */
		680F901224796AE100D38CCD /* Frameworks */ = {
			isa = PBXFrameworksBuildPhase;
			buildActionMask = 2147483647;
			files = (
			);
			runOnlyForDeploymentPostprocessing = 0;
		};
/* End PBXFrameworksBuildPhase section */

/* Begin PBXGroup section */
		680F900C24796AE100D38CCD = {
			isa = PBXGroup;
			children = (
				680F901724796AE100D38CCD /* URBS */,
				680F901624796AE100D38CCD /* Products */,
			);
			sourceTree = "<group>";
		};
		680F901624796AE100D38CCD /* Products */ = {
			isa = PBXGroup;
			children = (
				680F901524796AE100D38CCD /* URBS.app */,
			);
			name = Products;
			sourceTree = "<group>";
		};
		680F901724796AE100D38CCD /* URBS */ = {
			isa = PBXGroup;
			children = (
				680F901824796AE100D38CCD /* AppDelegate.swift */,
				680F901A24796AE100D38CCD /* SceneDelegate.swift */,
				6882F76E247AA75A0089D222 /* Main.storyboard */,
				6882F770247AA7850089D222 /* LaunchScreen.storyboard */,
				6827268B248D315B005DB941 /* Controller */,
				680F902124796AE800D38CCD /* Assets.xcassets */,
				680F902624796AE800D38CCD /* Info.plist */,
				68EB792F248500E900AA7DBA /* ViewController.swift */,
				68EB7937248A99F400AA7DBA /* Resources */,
				680F902C24796B2B00D38CCD /* Model */,
			);
			path = URBS;
			sourceTree = "<group>";
		};
		680F902C24796B2B00D38CCD /* Model */ = {
			isa = PBXGroup;
			children = (
				680F902E24796B7800D38CCD /* Barcode.swift */,
				E7D197A92479757B003446A1 /* BarcodeDiProdotto.swift */,
				680F903224796B7800D38CCD /* CategoriaDiNegozio.swift */,
				680F903324796B7800D38CCD /* CategoriaDiProdotto.swift */,
				680F902D24796B7800D38CCD /* CategoriaNegozio.swift */,
				680F902F24796B7800D38CCD /* CategoriaProdotto.swift */,
				680F903B24796BB700D38CCD /* Negozio.swift */,
				680F903C24796BB700D38CCD /* Utente.swift */,
				680F903024796B7800D38CCD /* Prodotto.swift */,
				B6D4A679248A54B2007F43EC /* Profilo.swift */,
				680F903124796B7800D38CCD /* ProdottoInNegozio.swift */,
				6827268E248FC3D3005DB941 /* ProdottoTableViewCell.swift */,
			);
			path = Model;
			sourceTree = "<group>";
		};
		6827268B248D315B005DB941 /* Controller */ = {
			isa = PBXGroup;
			children = (
				68EB7935248A8CED00AA7DBA /* NegozioTableViewController.swift */,
				68D22A612497BCBC00AAD87E /* ProdottiViewController.swift */,
				6827268C248D3195005DB941 /* DetailNegozioViewController.swift */,
			);
			path = Controller;
			sourceTree = "<group>";
		};
		68EB7937248A99F400AA7DBA /* Resources */ = {
			isa = PBXGroup;
			children = (
				68EB7939248A9BF500AA7DBA /* SF-Pro-Text-Heavy.otf */,
				68EB7938248A9BF500AA7DBA /* SF-Pro-Text-Semibold.otf */,
			);
			path = Resources;
			sourceTree = "<group>";
		};
/* End PBXGroup section */

/* Begin PBXNativeTarget section */
		680F901424796AE100D38CCD /* URBS */ = {
			isa = PBXNativeTarget;
			buildConfigurationList = 680F902924796AE800D38CCD /* Build configuration list for PBXNativeTarget "URBS" */;
			buildPhases = (
				680F901124796AE100D38CCD /* Sources */,
				680F901224796AE100D38CCD /* Frameworks */,
				680F901324796AE100D38CCD /* Resources */,
			);
			buildRules = (
			);
			dependencies = (
			);
			name = URBS;
			productName = URBS;
			productReference = 680F901524796AE100D38CCD /* URBS.app */;
			productType = "com.apple.product-type.application";
		};
/* End PBXNativeTarget section */

/* Begin PBXProject section */
		680F900D24796AE100D38CCD /* Project object */ = {
			isa = PBXProject;
			attributes = {
				LastSwiftUpdateCheck = 1140;
				LastUpgradeCheck = 1140;
				ORGANIZATIONNAME = "Alessio Di Matteo";
				TargetAttributes = {
					680F901424796AE100D38CCD = {
						CreatedOnToolsVersion = 11.4.1;
					};
				};
			};
			buildConfigurationList = 680F901024796AE100D38CCD /* Build configuration list for PBXProject "URBS" */;
			compatibilityVersion = "Xcode 9.3";
			developmentRegion = en;
			hasScannedForEncodings = 0;
			knownRegions = (
				en,
				Base,
			);
			mainGroup = 680F900C24796AE100D38CCD;
			productRefGroup = 680F901624796AE100D38CCD /* Products */;
			projectDirPath = "";
			projectRoot = "";
			targets = (
				680F901424796AE100D38CCD /* URBS */,
			);
		};
/* End PBXProject section */

/* Begin PBXResourcesBuildPhase section */
		680F901324796AE100D38CCD /* Resources */ = {
			isa = PBXResourcesBuildPhase;
			buildActionMask = 2147483647;
			files = (
				68EB793A248A9BF500AA7DBA /* SF-Pro-Text-Semibold.otf in Resources */,
				680F902224796AE800D38CCD /* Assets.xcassets in Resources */,
				68EB793B248A9BF500AA7DBA /* SF-Pro-Text-Heavy.otf in Resources */,
				6882F771247AA7850089D222 /* LaunchScreen.storyboard in Resources */,
				6882F76F247AA75A0089D222 /* Main.storyboard in Resources */,
			);
			runOnlyForDeploymentPostprocessing = 0;
		};
/* End PBXResourcesBuildPhase section */

/* Begin PBXSourcesBuildPhase section */
		680F901124796AE100D38CCD /* Sources */ = {
			isa = PBXSourcesBuildPhase;
			buildActionMask = 2147483647;
			files = (
				E7D197AA2479757B003446A1 /* BarcodeDiProdotto.swift in Sources */,
				B6D4A67A248A54B2007F43EC /* Profilo.swift in Sources */,
				680F903E24796BB700D38CCD /* Utente.swift in Sources */,
				680F903624796B7800D38CCD /* CategoriaProdotto.swift in Sources */,
				680F903A24796B7800D38CCD /* CategoriaDiProdotto.swift in Sources */,
				680F903D24796BB700D38CCD /* Negozio.swift in Sources */,
				68EB7936248A8CED00AA7DBA /* NegozioTableViewController.swift in Sources */,
				680F901924796AE100D38CCD /* AppDelegate.swift in Sources */,
				680F903924796B7800D38CCD /* CategoriaDiNegozio.swift in Sources */,
				680F901B24796AE100D38CCD /* SceneDelegate.swift in Sources */,
				6827268F248FC3D3005DB941 /* ProdottoTableViewCell.swift in Sources */,
				68EB7930248500E900AA7DBA /* ViewController.swift in Sources */,
				6827268D248D3195005DB941 /* DetailNegozioViewController.swift in Sources */,
				680F903524796B7800D38CCD /* Barcode.swift in Sources */,
				680F903724796B7800D38CCD /* Prodotto.swift in Sources */,
				680F903424796B7800D38CCD /* CategoriaNegozio.swift in Sources */,
				680F903824796B7800D38CCD /* ProdottoInNegozio.swift in Sources */,
				68D22A622497BCBC00AAD87E /* ProdottiViewController.swift in Sources */,
			);
			runOnlyForDeploymentPostprocessing = 0;
		};
/* End PBXSourcesBuildPhase section */

/* Begin XCBuildConfiguration section */
		680F902724796AE800D38CCD /* Debug */ = {
			isa = XCBuildConfiguration;
			buildSettings = {
				ALWAYS_SEARCH_USER_PATHS = NO;
				CLANG_ANALYZER_NONNULL = YES;
				CLANG_ANALYZER_NUMBER_OBJECT_CONVERSION = YES_AGGRESSIVE;
				CLANG_CXX_LANGUAGE_STANDARD = "gnu++14";
				CLANG_CXX_LIBRARY = "libc++";
				CLANG_ENABLE_MODULES = YES;
				CLANG_ENABLE_OBJC_ARC = YES;
				CLANG_ENABLE_OBJC_WEAK = YES;
				CLANG_WARN_BLOCK_CAPTURE_AUTORELEASING = YES;
				CLANG_WARN_BOOL_CONVERSION = YES;
				CLANG_WARN_COMMA = YES;
				CLANG_WARN_CONSTANT_CONVERSION = YES;
				CLANG_WARN_DEPRECATED_OBJC_IMPLEMENTATIONS = YES;
				CLANG_WARN_DIRECT_OBJC_ISA_USAGE = YES_ERROR;
				CLANG_WARN_DOCUMENTATION_COMMENTS = YES;
				CLANG_WARN_EMPTY_BODY = YES;
				CLANG_WARN_ENUM_CONVERSION = YES;
				CLANG_WARN_INFINITE_RECURSION = YES;
				CLANG_WARN_INT_CONVERSION = YES;
				CLANG_WARN_NON_LITERAL_NULL_CONVERSION = YES;
				CLANG_WARN_OBJC_IMPLICIT_RETAIN_SELF = YES;
				CLANG_WARN_OBJC_LITERAL_CONVERSION = YES;
				CLANG_WARN_OBJC_ROOT_CLASS = YES_ERROR;
				CLANG_WARN_RANGE_LOOP_ANALYSIS = YES;
				CLANG_WARN_STRICT_PROTOTYPES = YES;
				CLANG_WARN_SUSPICIOUS_MOVE = YES;
				CLANG_WARN_UNGUARDED_AVAILABILITY = YES_AGGRESSIVE;
				CLANG_WARN_UNREACHABLE_CODE = YES;
				CLANG_WARN__DUPLICATE_METHOD_MATCH = YES;
				COPY_PHASE_STRIP = NO;
				DEBUG_INFORMATION_FORMAT = dwarf;
				ENABLE_STRICT_OBJC_MSGSEND = YES;
				ENABLE_TESTABILITY = YES;
				GCC_C_LANGUAGE_STANDARD = gnu11;
				GCC_DYNAMIC_NO_PIC = NO;
				GCC_NO_COMMON_BLOCKS = YES;
				GCC_OPTIMIZATION_LEVEL = 0;
				GCC_PREPROCESSOR_DEFINITIONS = (
					"DEBUG=1",
					"$(inherited)",
				);
				GCC_WARN_64_TO_32_BIT_CONVERSION = YES;
				GCC_WARN_ABOUT_RETURN_TYPE = YES_ERROR;
				GCC_WARN_UNDECLARED_SELECTOR = YES;
				GCC_WARN_UNINITIALIZED_AUTOS = YES_AGGRESSIVE;
				GCC_WARN_UNUSED_FUNCTION = YES;
				GCC_WARN_UNUSED_VARIABLE = YES;
				IPHONEOS_DEPLOYMENT_TARGET = 13.4;
				MTL_ENABLE_DEBUG_INFO = INCLUDE_SOURCE;
				MTL_FAST_MATH = YES;
				ONLY_ACTIVE_ARCH = YES;
				SDKROOT = iphoneos;
				SWIFT_ACTIVE_COMPILATION_CONDITIONS = DEBUG;
				SWIFT_OPTIMIZATION_LEVEL = "-Onone";
			};
			name = Debug;
		};
		680F902824796AE800D38CCD /* Release */ = {
			isa = XCBuildConfiguration;
			buildSettings = {
				ALWAYS_SEARCH_USER_PATHS = NO;
				CLANG_ANALYZER_NONNULL = YES;
				CLANG_ANALYZER_NUMBER_OBJECT_CONVERSION = YES_AGGRESSIVE;
				CLANG_CXX_LANGUAGE_STANDARD = "gnu++14";
				CLANG_CXX_LIBRARY = "libc++";
				CLANG_ENABLE_MODULES = YES;
				CLANG_ENABLE_OBJC_ARC = YES;
				CLANG_ENABLE_OBJC_WEAK = YES;
				CLANG_WARN_BLOCK_CAPTURE_AUTORELEASING = YES;
				CLANG_WARN_BOOL_CONVERSION = YES;
				CLANG_WARN_COMMA = YES;
				CLANG_WARN_CONSTANT_CONVERSION = YES;
				CLANG_WARN_DEPRECATED_OBJC_IMPLEMENTATIONS = YES;
				CLANG_WARN_DIRECT_OBJC_ISA_USAGE = YES_ERROR;
				CLANG_WARN_DOCUMENTATION_COMMENTS = YES;
				CLANG_WARN_EMPTY_BODY = YES;
				CLANG_WARN_ENUM_CONVERSION = YES;
				CLANG_WARN_INFINITE_RECURSION = YES;
				CLANG_WARN_INT_CONVERSION = YES;
				CLANG_WARN_NON_LITERAL_NULL_CONVERSION = YES;
				CLANG_WARN_OBJC_IMPLICIT_RETAIN_SELF = YES;
				CLANG_WARN_OBJC_LITERAL_CONVERSION = YES;
				CLANG_WARN_OBJC_ROOT_CLASS = YES_ERROR;
				CLANG_WARN_RANGE_LOOP_ANALYSIS = YES;
				CLANG_WARN_STRICT_PROTOTYPES = YES;
				CLANG_WARN_SUSPICIOUS_MOVE = YES;
				CLANG_WARN_UNGUARDED_AVAILABILITY = YES_AGGRESSIVE;
				CLANG_WARN_UNREACHABLE_CODE = YES;
				CLANG_WARN__DUPLICATE_METHOD_MATCH = YES;
				COPY_PHASE_STRIP = NO;
				DEBUG_INFORMATION_FORMAT = "dwarf-with-dsym";
				ENABLE_NS_ASSERTIONS = NO;
				ENABLE_STRICT_OBJC_MSGSEND = YES;
				GCC_C_LANGUAGE_STANDARD = gnu11;
				GCC_NO_COMMON_BLOCKS = YES;
				GCC_WARN_64_TO_32_BIT_CONVERSION = YES;
				GCC_WARN_ABOUT_RETURN_TYPE = YES_ERROR;
				GCC_WARN_UNDECLARED_SELECTOR = YES;
				GCC_WARN_UNINITIALIZED_AUTOS = YES_AGGRESSIVE;
				GCC_WARN_UNUSED_FUNCTION = YES;
				GCC_WARN_UNUSED_VARIABLE = YES;
				IPHONEOS_DEPLOYMENT_TARGET = 13.4;
				MTL_ENABLE_DEBUG_INFO = NO;
				MTL_FAST_MATH = YES;
				SDKROOT = iphoneos;
				SWIFT_COMPILATION_MODE = wholemodule;
				SWIFT_OPTIMIZATION_LEVEL = "-O";
				VALIDATE_PRODUCT = YES;
			};
			name = Release;
		};
		680F902A24796AE800D38CCD /* Debug */ = {
			isa = XCBuildConfiguration;
			buildSettings = {
				ASSETCATALOG_COMPILER_APPICON_NAME = AppIcon;
				CODE_SIGN_STYLE = Automatic;
				CURRENT_PROJECT_VERSION = 2;
				DEVELOPMENT_TEAM = NSU83CPB56;
				INFOPLIST_FILE = URBS/Info.plist;
				LD_RUNPATH_SEARCH_PATHS = (
					"$(inherited)",
					"@executable_path/Frameworks",
				);
				MARKETING_VERSION = 1.0;
				PRODUCT_BUNDLE_IDENTIFIER = com.TheUnpitchers.URBS;
				PRODUCT_NAME = "$(TARGET_NAME)";
				SWIFT_VERSION = 5.0;
				TARGETED_DEVICE_FAMILY = 1;
			};
			name = Debug;
		};
		680F902B24796AE800D38CCD /* Release */ = {
			isa = XCBuildConfiguration;
			buildSettings = {
				ASSETCATALOG_COMPILER_APPICON_NAME = AppIcon;
				CODE_SIGN_STYLE = Automatic;
				CURRENT_PROJECT_VERSION = 2;
				DEVELOPMENT_TEAM = NSU83CPB56;
				INFOPLIST_FILE = URBS/Info.plist;
				LD_RUNPATH_SEARCH_PATHS = (
					"$(inherited)",
					"@executable_path/Frameworks",
				);
				MARKETING_VERSION = 1.0;
				PRODUCT_BUNDLE_IDENTIFIER = com.TheUnpitchers.URBS;
				PRODUCT_NAME = "$(TARGET_NAME)";
				SWIFT_VERSION = 5.0;
				TARGETED_DEVICE_FAMILY = 1;
			};
			name = Release;
		};
/* End XCBuildConfiguration section */

/* Begin XCConfigurationList section */
		680F901024796AE100D38CCD /* Build configuration list for PBXProject "URBS" */ = {
			isa = XCConfigurationList;
			buildConfigurations = (
				680F902724796AE800D38CCD /* Debug */,
				680F902824796AE800D38CCD /* Release */,
			);
			defaultConfigurationIsVisible = 0;
			defaultConfigurationName = Release;
		};
		680F902924796AE800D38CCD /* Build configuration list for PBXNativeTarget "URBS" */ = {
			isa = XCConfigurationList;
			buildConfigurations = (
				680F902A24796AE800D38CCD /* Debug */,
				680F902B24796AE800D38CCD /* Release */,
			);
			defaultConfigurationIsVisible = 0;
			defaultConfigurationName = Release;
		};
/* End XCConfigurationList section */
	};
	rootObject = 680F900D24796AE100D38CCD /* Project object */;
}
