// !$*UTF8*$!
{
	archiveVersion = 1;
	classes = {
	};
	objectVersion = 50;
	objects = {

/* Begin PBXBuildFile section */
		680F8FBB246C376600D38CCD /* AppDelegate.swift in Sources */ = {isa = PBXBuildFile; fileRef = 680F8FBA246C376600D38CCD /* AppDelegate.swift */; };
		680F8FBD246C376600D38CCD /* SceneDelegate.swift in Sources */ = {isa = PBXBuildFile; fileRef = 680F8FBC246C376600D38CCD /* SceneDelegate.swift */; };
		680F8FBF246C376600D38CCD /* ViewController.swift in Sources */ = {isa = PBXBuildFile; fileRef = 680F8FBE246C376600D38CCD /* ViewController.swift */; };
		680F8FC2246C376600D38CCD /* Main.storyboard in Resources */ = {isa = PBXBuildFile; fileRef = 680F8FC0246C376600D38CCD /* Main.storyboard */; };
		680F8FC4246C376700D38CCD /* Assets.xcassets in Resources */ = {isa = PBXBuildFile; fileRef = 680F8FC3246C376700D38CCD /* Assets.xcassets */; };
		680F8FC7246C376700D38CCD /* LaunchScreen.storyboard in Resources */ = {isa = PBXBuildFile; fileRef = 680F8FC5246C376700D38CCD /* LaunchScreen.storyboard */; };
		680F8FD1246C378300D38CCD /* CloudKit.framework in Frameworks */ = {isa = PBXBuildFile; fileRef = 680F8FD0246C378300D38CCD /* CloudKit.framework */; };
/* End PBXBuildFile section */

/* Begin PBXFileReference section */
		680F8FB7246C376600D38CCD /* URBS2.app */ = {isa = PBXFileReference; explicitFileType = wrapper.application; includeInIndex = 0; path = URBS2.app; sourceTree = BUILT_PRODUCTS_DIR; };
		680F8FBA246C376600D38CCD /* AppDelegate.swift */ = {isa = PBXFileReference; lastKnownFileType = sourcecode.swift; path = AppDelegate.swift; sourceTree = "<group>"; };
		680F8FBC246C376600D38CCD /* SceneDelegate.swift */ = {isa = PBXFileReference; lastKnownFileType = sourcecode.swift; path = SceneDelegate.swift; sourceTree = "<group>"; };
		680F8FBE246C376600D38CCD /* ViewController.swift */ = {isa = PBXFileReference; lastKnownFileType = sourcecode.swift; path = ViewController.swift; sourceTree = "<group>"; };
		680F8FC1246C376600D38CCD /* Base */ = {isa = PBXFileReference; lastKnownFileType = file.storyboard; name = Base; path = Base.lproj/Main.storyboard; sourceTree = "<group>"; };
		680F8FC3246C376700D38CCD /* Assets.xcassets */ = {isa = PBXFileReference; lastKnownFileType = folder.assetcatalog; path = Assets.xcassets; sourceTree = "<group>"; };
		680F8FC6246C376700D38CCD /* Base */ = {isa = PBXFileReference; lastKnownFileType = file.storyboard; name = Base; path = Base.lproj/LaunchScreen.storyboard; sourceTree = "<group>"; };
		680F8FC8246C376700D38CCD /* Info.plist */ = {isa = PBXFileReference; lastKnownFileType = text.plist.xml; path = Info.plist; sourceTree = "<group>"; };
		680F8FCE246C378000D38CCD /* URBS2.entitlements */ = {isa = PBXFileReference; lastKnownFileType = text.plist.entitlements; path = URBS2.entitlements; sourceTree = "<group>"; };
		680F8FD0246C378300D38CCD /* CloudKit.framework */ = {isa = PBXFileReference; lastKnownFileType = wrapper.framework; name = CloudKit.framework; path = System/Library/Frameworks/CloudKit.framework; sourceTree = SDKROOT; };
/* End PBXFileReference section */

/* Begin PBXFrameworksBuildPhase section */
		680F8FB4246C376600D38CCD /* Frameworks */ = {
			isa = PBXFrameworksBuildPhase;
			buildActionMask = 2147483647;
			files = (
				680F8FD1246C378300D38CCD /* CloudKit.framework in Frameworks */,
			);
			runOnlyForDeploymentPostprocessing = 0;
		};
/* End PBXFrameworksBuildPhase section */

/* Begin PBXGroup section */
		680F8FAE246C376600D38CCD = {
			isa = PBXGroup;
			children = (
				680F8FB9246C376600D38CCD /* URBS2 */,
				680F8FB8246C376600D38CCD /* Products */,
				680F8FCF246C378300D38CCD /* Frameworks */,
			);
			sourceTree = "<group>";
		};
		680F8FB8246C376600D38CCD /* Products */ = {
			isa = PBXGroup;
			children = (
				680F8FB7246C376600D38CCD /* URBS2.app */,
			);
			name = Products;
			sourceTree = "<group>";
		};
		680F8FB9246C376600D38CCD /* URBS2 */ = {
			isa = PBXGroup;
			children = (
				680F8FCE246C378000D38CCD /* URBS2.entitlements */,
				680F8FBA246C376600D38CCD /* AppDelegate.swift */,
				680F8FBC246C376600D38CCD /* SceneDelegate.swift */,
				680F8FBE246C376600D38CCD /* ViewController.swift */,
				680F8FC0246C376600D38CCD /* Main.storyboard */,
				680F8FC3246C376700D38CCD /* Assets.xcassets */,
				680F8FC5246C376700D38CCD /* LaunchScreen.storyboard */,
				680F8FC8246C376700D38CCD /* Info.plist */,
			);
			path = URBS2;
			sourceTree = "<group>";
		};
		680F8FCF246C378300D38CCD /* Frameworks */ = {
			isa = PBXGroup;
			children = (
				680F8FD0246C378300D38CCD /* CloudKit.framework */,
			);
			name = Frameworks;
			sourceTree = "<group>";
		};
/* End PBXGroup section */

/* Begin PBXNativeTarget section */
		680F8FB6246C376600D38CCD /* URBS2 */ = {
			isa = PBXNativeTarget;
			buildConfigurationList = 680F8FCB246C376700D38CCD /* Build configuration list for PBXNativeTarget "URBS2" */;
			buildPhases = (
				680F8FB3246C376600D38CCD /* Sources */,
				680F8FB4246C376600D38CCD /* Frameworks */,
				680F8FB5246C376600D38CCD /* Resources */,
			);
			buildRules = (
			);
			dependencies = (
			);
			name = URBS2;
			productName = URBS2;
			productReference = 680F8FB7246C376600D38CCD /* URBS2.app */;
			productType = "com.apple.product-type.application";
		};
/* End PBXNativeTarget section */

/* Begin PBXProject section */
		680F8FAF246C376600D38CCD /* Project object */ = {
			isa = PBXProject;
			attributes = {
				LastSwiftUpdateCheck = 1140;
				LastUpgradeCheck = 1140;
				ORGANIZATIONNAME = "Alessio Di Matteo";
				TargetAttributes = {
					680F8FB6246C376600D38CCD = {
						CreatedOnToolsVersion = 11.4.1;
					};
				};
			};
			buildConfigurationList = 680F8FB2246C376600D38CCD /* Build configuration list for PBXProject "URBS2" */;
			compatibilityVersion = "Xcode 9.3";
			developmentRegion = en;
			hasScannedForEncodings = 0;
			knownRegions = (
				en,
				Base,
			);
			mainGroup = 680F8FAE246C376600D38CCD;
			productRefGroup = 680F8FB8246C376600D38CCD /* Products */;
			projectDirPath = "";
			projectRoot = "";
			targets = (
				680F8FB6246C376600D38CCD /* URBS2 */,
			);
		};
/* End PBXProject section */

/* Begin PBXResourcesBuildPhase section */
		680F8FB5246C376600D38CCD /* Resources */ = {
			isa = PBXResourcesBuildPhase;
			buildActionMask = 2147483647;
			files = (
				680F8FC7246C376700D38CCD /* LaunchScreen.storyboard in Resources */,
				680F8FC4246C376700D38CCD /* Assets.xcassets in Resources */,
				680F8FC2246C376600D38CCD /* Main.storyboard in Resources */,
			);
			runOnlyForDeploymentPostprocessing = 0;
		};
/* End PBXResourcesBuildPhase section */

/* Begin PBXSourcesBuildPhase section */
		680F8FB3246C376600D38CCD /* Sources */ = {
			isa = PBXSourcesBuildPhase;
			buildActionMask = 2147483647;
			files = (
				680F8FBF246C376600D38CCD /* ViewController.swift in Sources */,
				680F8FBB246C376600D38CCD /* AppDelegate.swift in Sources */,
				680F8FBD246C376600D38CCD /* SceneDelegate.swift in Sources */,
			);
			runOnlyForDeploymentPostprocessing = 0;
		};
/* End PBXSourcesBuildPhase section */

/* Begin PBXVariantGroup section */
		680F8FC0246C376600D38CCD /* Main.storyboard */ = {
			isa = PBXVariantGroup;
			children = (
				680F8FC1246C376600D38CCD /* Base */,
			);
			name = Main.storyboard;
			sourceTree = "<group>";
		};
		680F8FC5246C376700D38CCD /* LaunchScreen.storyboard */ = {
			isa = PBXVariantGroup;
			children = (
				680F8FC6246C376700D38CCD /* Base */,
			);
			name = LaunchScreen.storyboard;
			sourceTree = "<group>";
		};
/* End PBXVariantGroup section */

/* Begin XCBuildConfiguration section */
		680F8FC9246C376700D38CCD /* Debug */ = {
			isa = XCBuildConfiguration;
			buildSettings = {
				ALWAYS_SEARCH_USER_PATHS = NO;
				CLANG_ANALYZER_NONNULL = YES;
				CLANG_ANALYZER_NUMBER_OBJECT_CONVERSION = YES_AGGRESSIVE;
				CLANG_CXX_LANGUAGE_STANDARD = "gnu++14";
				CLANG_CXX_LIBRARY = "libc++";
				CLANG_ENABLE_MODULES = YES;
				CLANG_ENABLE_OBJC_ARC = YES;
				CLANG_ENABLE_OBJC_WEAK = YES;
				CLANG_WARN_BLOCK_CAPTURE_AUTORELEASING = YES;
				CLANG_WARN_BOOL_CONVERSION = YES;
				CLANG_WARN_COMMA = YES;
				CLANG_WARN_CONSTANT_CONVERSION = YES;
				CLANG_WARN_DEPRECATED_OBJC_IMPLEMENTATIONS = YES;
				CLANG_WARN_DIRECT_OBJC_ISA_USAGE = YES_ERROR;
				CLANG_WARN_DOCUMENTATION_COMMENTS = YES;
				CLANG_WARN_EMPTY_BODY = YES;
				CLANG_WARN_ENUM_CONVERSION = YES;
				CLANG_WARN_INFINITE_RECURSION = YES;
				CLANG_WARN_INT_CONVERSION = YES;
				CLANG_WARN_NON_LITERAL_NULL_CONVERSION = YES;
				CLANG_WARN_OBJC_IMPLICIT_RETAIN_SELF = YES;
				CLANG_WARN_OBJC_LITERAL_CONVERSION = YES;
				CLANG_WARN_OBJC_ROOT_CLASS = YES_ERROR;
				CLANG_WARN_RANGE_LOOP_ANALYSIS = YES;
				CLANG_WARN_STRICT_PROTOTYPES = YES;
				CLANG_WARN_SUSPICIOUS_MOVE = YES;
				CLANG_WARN_UNGUARDED_AVAILABILITY = YES_AGGRESSIVE;
				CLANG_WARN_UNREACHABLE_CODE = YES;
				CLANG_WARN__DUPLICATE_METHOD_MATCH = YES;
				COPY_PHASE_STRIP = NO;
				DEBUG_INFORMATION_FORMAT = dwarf;
				ENABLE_STRICT_OBJC_MSGSEND = YES;
				ENABLE_TESTABILITY = YES;
				GCC_C_LANGUAGE_STANDARD = gnu11;
				GCC_DYNAMIC_NO_PIC = NO;
				GCC_NO_COMMON_BLOCKS = YES;
				GCC_OPTIMIZATION_LEVEL = 0;
				GCC_PREPROCESSOR_DEFINITIONS = (
					"DEBUG=1",
					"$(inherited)",
				);
				GCC_WARN_64_TO_32_BIT_CONVERSION = YES;
				GCC_WARN_ABOUT_RETURN_TYPE = YES_ERROR;
				GCC_WARN_UNDECLARED_SELECTOR = YES;
				GCC_WARN_UNINITIALIZED_AUTOS = YES_AGGRESSIVE;
				GCC_WARN_UNUSED_FUNCTION = YES;
				GCC_WARN_UNUSED_VARIABLE = YES;
				IPHONEOS_DEPLOYMENT_TARGET = 13.4;
				MTL_ENABLE_DEBUG_INFO = INCLUDE_SOURCE;
				MTL_FAST_MATH = YES;
				ONLY_ACTIVE_ARCH = YES;
				SDKROOT = iphoneos;
				SWIFT_ACTIVE_COMPILATION_CONDITIONS = DEBUG;
				SWIFT_OPTIMIZATION_LEVEL = "-Onone";
			};
			name = Debug;
		};
		680F8FCA246C376700D38CCD /* Release */ = {
			isa = XCBuildConfiguration;
			buildSettings = {
				ALWAYS_SEARCH_USER_PATHS = NO;
				CLANG_ANALYZER_NONNULL = YES;
				CLANG_ANALYZER_NUMBER_OBJECT_CONVERSION = YES_AGGRESSIVE;
				CLANG_CXX_LANGUAGE_STANDARD = "gnu++14";
				CLANG_CXX_LIBRARY = "libc++";
				CLANG_ENABLE_MODULES = YES;
				CLANG_ENABLE_OBJC_ARC = YES;
				CLANG_ENABLE_OBJC_WEAK = YES;
				CLANG_WARN_BLOCK_CAPTURE_AUTORELEASING = YES;
				CLANG_WARN_BOOL_CONVERSION = YES;
				CLANG_WARN_COMMA = YES;
				CLANG_WARN_CONSTANT_CONVERSION = YES;
				CLANG_WARN_DEPRECATED_OBJC_IMPLEMENTATIONS = YES;
				CLANG_WARN_DIRECT_OBJC_ISA_USAGE = YES_ERROR;
				CLANG_WARN_DOCUMENTATION_COMMENTS = YES;
				CLANG_WARN_EMPTY_BODY = YES;
				CLANG_WARN_ENUM_CONVERSION = YES;
				CLANG_WARN_INFINITE_RECURSION = YES;
				CLANG_WARN_INT_CONVERSION = YES;
				CLANG_WARN_NON_LITERAL_NULL_CONVERSION = YES;
				CLANG_WARN_OBJC_IMPLICIT_RETAIN_SELF = YES;
				CLANG_WARN_OBJC_LITERAL_CONVERSION = YES;
				CLANG_WARN_OBJC_ROOT_CLASS = YES_ERROR;
				CLANG_WARN_RANGE_LOOP_ANALYSIS = YES;
				CLANG_WARN_STRICT_PROTOTYPES = YES;
				CLANG_WARN_SUSPICIOUS_MOVE = YES;
				CLANG_WARN_UNGUARDED_AVAILABILITY = YES_AGGRESSIVE;
				CLANG_WARN_UNREACHABLE_CODE = YES;
				CLANG_WARN__DUPLICATE_METHOD_MATCH = YES;
				COPY_PHASE_STRIP = NO;
				DEBUG_INFORMATION_FORMAT = "dwarf-with-dsym";
				ENABLE_NS_ASSERTIONS = NO;
				ENABLE_STRICT_OBJC_MSGSEND = YES;
				GCC_C_LANGUAGE_STANDARD = gnu11;
				GCC_NO_COMMON_BLOCKS = YES;
				GCC_WARN_64_TO_32_BIT_CONVERSION = YES;
				GCC_WARN_ABOUT_RETURN_TYPE = YES_ERROR;
				GCC_WARN_UNDECLARED_SELECTOR = YES;
				GCC_WARN_UNINITIALIZED_AUTOS = YES_AGGRESSIVE;
				GCC_WARN_UNUSED_FUNCTION = YES;
				GCC_WARN_UNUSED_VARIABLE = YES;
				IPHONEOS_DEPLOYMENT_TARGET = 13.4;
				MTL_ENABLE_DEBUG_INFO = NO;
				MTL_FAST_MATH = YES;
				SDKROOT = iphoneos;
				SWIFT_COMPILATION_MODE = wholemodule;
				SWIFT_OPTIMIZATION_LEVEL = "-O";
				VALIDATE_PRODUCT = YES;
			};
			name = Release;
		};
		680F8FCC246C376700D38CCD /* Debug */ = {
			isa = XCBuildConfiguration;
			buildSettings = {
				ASSETCATALOG_COMPILER_APPICON_NAME = AppIcon;
				CODE_SIGN_ENTITLEMENTS = URBS2/URBS2.entitlements;
				CODE_SIGN_STYLE = Automatic;
				DEVELOPMENT_TEAM = NSU83CPB56;
				INFOPLIST_FILE = URBS2/Info.plist;
				LD_RUNPATH_SEARCH_PATHS = (
					"$(inherited)",
					"@executable_path/Frameworks",
				);
				PRODUCT_BUNDLE_IDENTIFIER = com.URBS2;
				PRODUCT_NAME = "$(TARGET_NAME)";
				SWIFT_VERSION = 5.0;
				TARGETED_DEVICE_FAMILY = "1,2";
			};
			name = Debug;
		};
		680F8FCD246C376700D38CCD /* Release */ = {
			isa = XCBuildConfiguration;
			buildSettings = {
				ASSETCATALOG_COMPILER_APPICON_NAME = AppIcon;
				CODE_SIGN_ENTITLEMENTS = URBS2/URBS2.entitlements;
				CODE_SIGN_STYLE = Automatic;
				DEVELOPMENT_TEAM = NSU83CPB56;
				INFOPLIST_FILE = URBS2/Info.plist;
				LD_RUNPATH_SEARCH_PATHS = (
					"$(inherited)",
					"@executable_path/Frameworks",
				);
				PRODUCT_BUNDLE_IDENTIFIER = com.URBS2;
				PRODUCT_NAME = "$(TARGET_NAME)";
				SWIFT_VERSION = 5.0;
				TARGETED_DEVICE_FAMILY = "1,2";
			};
			name = Release;
		};
/* End XCBuildConfiguration section */

/* Begin XCConfigurationList section */
		680F8FB2246C376600D38CCD /* Build configuration list for PBXProject "URBS2" */ = {
			isa = XCConfigurationList;
			buildConfigurations = (
				680F8FC9246C376700D38CCD /* Debug */,
				680F8FCA246C376700D38CCD /* Release */,
			);
			defaultConfigurationIsVisible = 0;
			defaultConfigurationName = Release;
		};
		680F8FCB246C376700D38CCD /* Build configuration list for PBXNativeTarget "URBS2" */ = {
			isa = XCConfigurationList;
			buildConfigurations = (
				680F8FCC246C376700D38CCD /* Debug */,
				680F8FCD246C376700D38CCD /* Release */,
			);
			defaultConfigurationIsVisible = 0;
			defaultConfigurationName = Release;
		};
/* End XCConfigurationList section */
	};
	rootObject = 680F8FAF246C376600D38CCD /* Project object */;
}
